
Microsoft Visual Studio Solution File, Format Version 12.00
# Visual Studio Version 17
VisualStudioVersion = 17.3.32929.385
MinimumVisualStudioVersion = 10.0.40219.1
Project("{FAE04EC0-301F-11D3-BF4B-00C04F79EFBC}") = "Practica-Ventas", "Practica-Ventas\Practica-Ventas.csproj", "{DCD6B0C0-8EEB-47F9-93BC-A1B07A130C58}"
EndProject
Global
	GlobalSection(SolutionConfigurationPlatforms) = preSolution
		Debug|Any CPU = Debug|Any CPU
		Release|Any CPU = Release|Any CPU
	EndGlobalSection
	GlobalSection(ProjectConfigurationPlatforms) = postSolution
		{DCD6B0C0-8EEB-47F9-93BC-A1B07A130C58}.Debug|Any CPU.ActiveCfg = Debug|Any CPU
		{DCD6B0C0-8EEB-47F9-93BC-A1B07A130C58}.Debug|Any CPU.Build.0 = Debug|Any CPU
		{DCD6B0C0-8EEB-47F9-93BC-A1B07A130C58}.Release|Any CPU.ActiveCfg = Release|Any CPU
		{DCD6B0C0-8EEB-47F9-93BC-A1B07A130C58}.Release|Any CPU.Build.0 = Release|Any CPU
	EndGlobalSection
	GlobalSection(SolutionProperties) = preSolution
		HideSolutionNode = FALSE
	EndGlobalSection
	GlobalSection(ExtensibilityGlobals) = postSolution
		SolutionGuid = {014E7EBA-4990-4CA8-8935-93EF56CF9179}
	EndGlobalSection
EndGlobal
